PODS:
  - app_links (0.0.2):
    - Flutter
  - Flutter (1.0.0)
  - integration_test (0.0.1):
    - Flutter
  - purchases_flutter (9.8.0):
    - Flutter
    - PurchasesHybridCommon (= 17.10.0)
  - PurchasesHybridCommon (17.10.0):
    - RevenueCat (= 5.43.0)
  - RevenueCat (5.43.0)
  - Superscript (1.0.12)
  - SuperwallKit (4.12.7):
    - Superscript (= 1.0.12)
  - superwallkit_flutter (0.0.1):
    - Flutter
    - SuperwallKit (= 4.12.7)

DEPENDENCIES:
  - app_links (from `.symlinks/plugins/app_links/ios`)
  - Flutter (from `Flutter`)
  - integration_test (from `.symlinks/plugins/integration_test/ios`)
  - purchases_flutter (from `.symlinks/plugins/purchases_flutter/ios`)
  - superwallkit_flutter (from `.symlinks/plugins/superwallkit_flutter/ios`)

SPEC REPOS:
  trunk:
    - PurchasesHybridCommon
    - RevenueCat
    - Superscript
    - SuperwallKit

EXTERNAL SOURCES:
  app_links:
    :path: ".symlinks/plugins/app_links/ios"
  Flutter:
    :path: Flutter
  integration_test:
    :path: ".symlinks/plugins/integration_test/ios"
  purchases_flutter:
    :path: ".symlinks/plugins/purchases_flutter/ios"
  superwallkit_flutter:
    :path: ".symlinks/plugins/superwallkit_flutter/ios"

SPEC CHECKSUMS:
  app_links: 76b66b60cc809390ca1ad69bfd66b998d2387ac7
  Flutter: e0871f40cf51350855a761d2e70bf5af5b9b5de7
  integration_test: 4a889634ef21a45d28d50d622cf412dc6d9f586e
  purchases_flutter: a5cdfe4efd74e1beb23a069d02f960efdbf327dd
  PurchasesHybridCommon: b7b4eafb55fbaaac19b4c36d4082657a3f0d8490
  RevenueCat: a51003d4cb33820cc504cf177c627832b462a98e
  Superscript: 00e98fcd78a2cefa33b658d4a16756b535eabd2c
  SuperwallKit: 33955981901609c33a2773b94756a26db7b21fbb
  superwallkit_flutter: d7362c9428bf5b162c8886ae92925d658ce9c7be

PODFILE CHECKSUM: 1959d098c91d8a792531a723c4a9d7e9f6a01e38

COCOAPODS: 1.16.2
