PODS:
  - app_links (0.0.2):
    - Flutter
  - Flutter (1.0.0)
  - integration_test (0.0.1):
    - Flutter
  - purchases_flutter (8.6.0):
    - Flutter
    - PurchasesHybridCommon (= 13.21.0)
  - PurchasesHybridCommon (13.21.0):
    - RevenueCat (= 5.18.0)
  - RevenueCat (5.18.0)
  - Superscript (0.2.4)
  - SuperwallKit (4.3.8):
    - Superscript (= 0.2.4)
  - superwallkit_flutter (0.0.1):
    - Flutter
    - SuperwallKit (= 4.3.8)

DEPENDENCIES:
  - app_links (from `.symlinks/plugins/app_links/ios`)
  - Flutter (from `Flutter`)
  - integration_test (from `.symlinks/plugins/integration_test/ios`)
  - purchases_flutter (from `.symlinks/plugins/purchases_flutter/ios`)
  - superwallkit_flutter (from `.symlinks/plugins/superwallkit_flutter/ios`)

SPEC REPOS:
  trunk:
    - PurchasesHybridCommon
    - RevenueCat
    - Superscript
    - SuperwallKit

EXTERNAL SOURCES:
  app_links:
    :path: ".symlinks/plugins/app_links/ios"
  Flutter:
    :path: Flutter
  integration_test:
    :path: ".symlinks/plugins/integration_test/ios"
  purchases_flutter:
    :path: ".symlinks/plugins/purchases_flutter/ios"
  superwallkit_flutter:
    :path: ".symlinks/plugins/superwallkit_flutter/ios"

SPEC CHECKSUMS:
  app_links: 76b66b60cc809390ca1ad69bfd66b998d2387ac7
  Flutter: e0871f40cf51350855a761d2e70bf5af5b9b5de7
  integration_test: 4a889634ef21a45d28d50d622cf412dc6d9f586e
  purchases_flutter: cbcf97969b7bf0f1db71d802f4e682bb851f0576
  PurchasesHybridCommon: 9691d74a051f30858360d78936d59dc14575014e
  RevenueCat: e825836f5d6baa870c53d7281be25a5fd91abd91
  Superscript: ede1cf73124c02ba1e120fbe5e15d3c4b12020a0
  SuperwallKit: fc39f643fe7613f1bb3dd1808ecf397c9d01327f
  superwallkit_flutter: d669a1c0d57acd1ed546eaec4cf1846213d68077

PODFILE CHECKSUM: 1959d098c91d8a792531a723c4a9d7e9f6a01e38

COCOAPODS: 1.16.2
