PODS:
  - app_links (0.0.2):
    - Flutter
  - Flutter (1.0.0)
  - integration_test (0.0.1):
    - Flutter
  - purchases_flutter (9.8.0):
    - Flutter
    - PurchasesHybridCommon (= 17.10.0)
  - PurchasesHybridCommon (17.10.0):
    - RevenueCat (= 5.43.0)
  - RevenueCat (5.43.0)
  - Superscript (1.0.13)
  - SuperwallKit (4.13.0):
    - Superscript (= 1.0.13)
  - superwallkit_flutter (0.0.1):
    - Flutter
    - SuperwallKit (= 4.13.0)

DEPENDENCIES:
  - app_links (from `.symlinks/plugins/app_links/ios`)
  - Flutter (from `Flutter`)
  - integration_test (from `.symlinks/plugins/integration_test/ios`)
  - purchases_flutter (from `.symlinks/plugins/purchases_flutter/ios`)
  - superwallkit_flutter (from `.symlinks/plugins/superwallkit_flutter/ios`)

SPEC REPOS:
  trunk:
    - PurchasesHybridCommon
    - RevenueCat
    - Superscript
    - SuperwallKit

EXTERNAL SOURCES:
  app_links:
    :path: ".symlinks/plugins/app_links/ios"
  Flutter:
    :path: Flutter
  integration_test:
    :path: ".symlinks/plugins/integration_test/ios"
  purchases_flutter:
    :path: ".symlinks/plugins/purchases_flutter/ios"
  superwallkit_flutter:
    :path: ".symlinks/plugins/superwallkit_flutter/ios"

SPEC CHECKSUMS:
  app_links: f3e17e4ee5e357b39d8b95290a9b2c299fca71c6
  Flutter: cabc95a1d2626b1b06e7179b784ebcf0c0cde467
  integration_test: 252f60fa39af5e17c3aa9899d35d908a0721b573
  purchases_flutter: 037ed5ccef5d69cb21ab9b19ffe7e0f5c44d511e
  PurchasesHybridCommon: b7b4eafb55fbaaac19b4c36d4082657a3f0d8490
  RevenueCat: a51003d4cb33820cc504cf177c627832b462a98e
  Superscript: bcb4099b41bed108ab7e88cfc56af0ed1170b582
  SuperwallKit: ded61b361f1893a5679fccdddd07f7ac273e290c
  superwallkit_flutter: 56e20785a3fcadab31c17a6cb99efe2374eeb4a3

PODFILE CHECKSUM: 1959d098c91d8a792531a723c4a9d7e9f6a01e38

COCOAPODS: 1.15.2
